
Microsoft Visual Studio Solution File, Format Version 12.00
# Visual Studio 15
VisualStudioVersion = 15.0.33919.361
MinimumVisualStudioVersion = 10.0.40219.1
Project("{E24C65DC-7377-472B-9ABA-BC803B73C61A}") = "Excel Upload", "Excel Upload\", "{F346EF36-F577-41A8-AA8F-C6192F797A3C}"
	ProjectSection(WebsiteProperties) = preProject
		TargetFrameworkMoniker = ".NETFramework,Version%3Dv4.6.1"
		Debug.AspNetCompiler.VirtualPath = "/localhost_59866"
		Debug.AspNetCompiler.PhysicalPath = "Excel Upload\"
		Debug.AspNetCompiler.TargetPath = "PrecompiledWeb\localhost_59866\"
		Debug.AspNetCompiler.Updateable = "true"
		Debug.AspNetCompiler.ForceOverwrite = "true"
		Debug.AspNetCompiler.FixedNames = "false"
		Debug.AspNetCompiler.Debug = "True"
		Release.AspNetCompiler.VirtualPath = "/localhost_59866"
		Release.AspNetCompiler.PhysicalPath = "Excel Upload\"
		Release.AspNetCompiler.TargetPath = "PrecompiledWeb\localhost_59866\"
		Release.AspNetCompiler.Updateable = "true"
		Release.AspNetCompiler.ForceOverwrite = "true"
		Release.AspNetCompiler.FixedNames = "false"
		Release.AspNetCompiler.Debug = "False"
		VWDPort = "59866"
		SlnRelativePath = "Excel Upload\"
		DefaultWebSiteLanguage = "Visual C#"
	EndProjectSection
EndProject
Global
	GlobalSection(SolutionConfigurationPlatforms) = preSolution
		Debug|Any CPU = Debug|Any CPU
	EndGlobalSection
	GlobalSection(ProjectConfigurationPlatforms) = postSolution
		{F346EF36-F577-41A8-AA8F-C6192F797A3C}.Debug|Any CPU.ActiveCfg = Debug|Any CPU
		{F346EF36-F577-41A8-AA8F-C6192F797A3C}.Debug|Any CPU.Build.0 = Debug|Any CPU
	EndGlobalSection
	GlobalSection(SolutionProperties) = preSolution
		HideSolutionNode = FALSE
	EndGlobalSection
	GlobalSection(ExtensibilityGlobals) = postSolution
		SolutionGuid = {9BA0D295-AB6E-4014-9014-98362B984CD2}
	EndGlobalSection
EndGlobal
